
Microsoft Visual Studio Solution File, Format Version 12.00
# Visual Studio Version 17
VisualStudioVersion = 17.1.32407.343
MinimumVisualStudioVersion = 10.0.40219.1
Project("{FAE04EC0-301F-11D3-BF4B-00C04F79EFBC}") = "BitwiseDealers", "BitwiseDealers\BitwiseDealers.csproj", "{87680088-90EA-42A1-9C73-987CC09A0255}"
EndProject
Project("{FAE04EC0-301F-11D3-BF4B-00C04F79EFBC}") = "DB", "DB\DB.csproj", "{3E3D7DF1-0A9C-42CA-899F-5B7090CD3A8B}"
EndProject
Project("{FAE04EC0-301F-11D3-BF4B-00C04F79EFBC}") = "BitwiseService", "BitwiseService\BitwiseService.csproj", "{77CD7177-0B23-484D-B8F9-8792374DEE1F}"
EndProject
Project("{FAE04EC0-301F-11D3-BF4B-00C04F79EFBC}") = "Core", "Core\Core.csproj", "{9932BF56-F867-4F5A-9D19-CED8B3C4FF29}"
EndProject
Global
	GlobalSection(SolutionConfigurationPlatforms) = preSolution
		Debug|Any CPU = Debug|Any CPU
		Release|Any CPU = Release|Any CPU
	EndGlobalSection
	GlobalSection(ProjectConfigurationPlatforms) = postSolution
		{87680088-90EA-42A1-9C73-987CC09A0255}.Debug|Any CPU.ActiveCfg = Debug|Any CPU
		{87680088-90EA-42A1-9C73-987CC09A0255}.Debug|Any CPU.Build.0 = Debug|Any CPU
		{87680088-90EA-42A1-9C73-987CC09A0255}.Release|Any CPU.ActiveCfg = Release|Any CPU
		{87680088-90EA-42A1-9C73-987CC09A0255}.Release|Any CPU.Build.0 = Release|Any CPU
		{3E3D7DF1-0A9C-42CA-899F-5B7090CD3A8B}.Debug|Any CPU.ActiveCfg = Debug|Any CPU
		{3E3D7DF1-0A9C-42CA-899F-5B7090CD3A8B}.Debug|Any CPU.Build.0 = Debug|Any CPU
		{3E3D7DF1-0A9C-42CA-899F-5B7090CD3A8B}.Release|Any CPU.ActiveCfg = Release|Any CPU
		{3E3D7DF1-0A9C-42CA-899F-5B7090CD3A8B}.Release|Any CPU.Build.0 = Release|Any CPU
		{77CD7177-0B23-484D-B8F9-8792374DEE1F}.Debug|Any CPU.ActiveCfg = Debug|Any CPU
		{77CD7177-0B23-484D-B8F9-8792374DEE1F}.Debug|Any CPU.Build.0 = Debug|Any CPU
		{77CD7177-0B23-484D-B8F9-8792374DEE1F}.Release|Any CPU.ActiveCfg = Release|Any CPU
		{77CD7177-0B23-484D-B8F9-8792374DEE1F}.Release|Any CPU.Build.0 = Release|Any CPU
		{9932BF56-F867-4F5A-9D19-CED8B3C4FF29}.Debug|Any CPU.ActiveCfg = Debug|Any CPU
		{9932BF56-F867-4F5A-9D19-CED8B3C4FF29}.Debug|Any CPU.Build.0 = Debug|Any CPU
		{9932BF56-F867-4F5A-9D19-CED8B3C4FF29}.Release|Any CPU.ActiveCfg = Release|Any CPU
		{9932BF56-F867-4F5A-9D19-CED8B3C4FF29}.Release|Any CPU.Build.0 = Release|Any CPU
	EndGlobalSection
	GlobalSection(SolutionProperties) = preSolution
		HideSolutionNode = FALSE
	EndGlobalSection
	GlobalSection(ExtensibilityGlobals) = postSolution
		SolutionGuid = {4C3F2E25-C538-4430-B9F6-A5A50A8C24B3}
	EndGlobalSection
EndGlobal
